// !$*UTF8*$!
{
	archiveVersion = 1;
	classes = {
	};
	objectVersion = 46;
	objects = {

/* Begin PBXBuildFile section */
		EBDF4EE31EA7D80B0035D1EE /* AppDelegate.swift in Sources */ = {isa = PBXBuildFile; fileRef = EBDF4EE21EA7D80B0035D1EE /* AppDelegate.swift */; };
		EBDF4EE51EA7D80B0035D1EE /* ViewController.swift in Sources */ = {isa = PBXBuildFile; fileRef = EBDF4EE41EA7D80B0035D1EE /* ViewController.swift */; };
		EBDF4EE81EA7D80B0035D1EE /* Main.storyboard in Resources */ = {isa = PBXBuildFile; fileRef = EBDF4EE61EA7D80B0035D1EE /* Main.storyboard */; };
		EBDF4EEA1EA7D80B0035D1EE /* Assets.xcassets in Resources */ = {isa = PBXBuildFile; fileRef = EBDF4EE91EA7D80B0035D1EE /* Assets.xcassets */; };
		EBDF4EED1EA7D80B0035D1EE /* LaunchScreen.storyboard in Resources */ = {isa = PBXBuildFile; fileRef = EBDF4EEB1EA7D80B0035D1EE /* LaunchScreen.storyboard */; };
/* End PBXBuildFile section */

/* Begin PBXFileReference section */
		EBDF4EDF1EA7D80B0035D1EE /* Tip Calculator.app */ = {isa = PBXFileReference; explicitFileType = wrapper.application; includeInIndex = 0; path = "Tip Calculator.app"; sourceTree = BUILT_PRODUCTS_DIR; };
		EBDF4EE21EA7D80B0035D1EE /* AppDelegate.swift */ = {isa = PBXFileReference; lastKnownFileType = sourcecode.swift; path = AppDelegate.swift; sourceTree = "<group>"; };
		EBDF4EE41EA7D80B0035D1EE /* ViewController.swift */ = {isa = PBXFileReference; lastKnownFileType = sourcecode.swift; path = ViewController.swift; sourceTree = "<group>"; };
		EBDF4EE71EA7D80B0035D1EE /* Base */ = {isa = PBXFileReference; lastKnownFileType = file.storyboard; name = Base; path = Base.lproj/Main.storyboard; sourceTree = "<group>"; };
		EBDF4EE91EA7D80B0035D1EE /* Assets.xcassets */ = {isa = PBXFileReference; lastKnownFileType = folder.assetcatalog; path = Assets.xcassets; sourceTree = "<group>"; };
		EBDF4EEC1EA7D80B0035D1EE /* Base */ = {isa = PBXFileReference; lastKnownFileType = file.storyboard; name = Base; path = Base.lproj/LaunchScreen.storyboard; sourceTree = "<group>"; };
		EBDF4EEE1EA7D80B0035D1EE /* Info.plist */ = {isa = PBXFileReference; lastKnownFileType = text.plist.xml; path = Info.plist; sourceTree = "<group>"; };
/* End PBXFileReference section */

/* Begin PBXFrameworksBuildPhase section */
		EBDF4EDC1EA7D80B0035D1EE /* Frameworks */ = {
			isa = PBXFrameworksBuildPhase;
			buildActionMask = 2147483647;
			files = (
			);
			runOnlyForDeploymentPostprocessing = 0;
		};
/* End PBXFrameworksBuildPhase section */

/* Begin PBXGroup section */
		EBDF4ED61EA7D80B0035D1EE = {
			isa = PBXGroup;
			children = (
				EBDF4EE11EA7D80B0035D1EE /* Tip Calculator */,
				EBDF4EE01EA7D80B0035D1EE /* Products */,
			);
			sourceTree = "<group>";
		};
		EBDF4EE01EA7D80B0035D1EE /* Products */ = {
			isa = PBXGroup;
			children = (
				EBDF4EDF1EA7D80B0035D1EE /* Tip Calculator.app */,
			);
			name = Products;
			sourceTree = "<group>";
		};
		EBDF4EE11EA7D80B0035D1EE /* Tip Calculator */ = {
			isa = PBXGroup;
			children = (
				EBDF4EE21EA7D80B0035D1EE /* AppDelegate.swift */,
				EBDF4EE41EA7D80B0035D1EE /* ViewController.swift */,
				EBDF4EE61EA7D80B0035D1EE /* Main.storyboard */,
				EBDF4EE91EA7D80B0035D1EE /* Assets.xcassets */,
				EBDF4EEB1EA7D80B0035D1EE /* LaunchScreen.storyboard */,
				EBDF4EEE1EA7D80B0035D1EE /* Info.plist */,
			);
			path = "Tip Calculator";
			sourceTree = "<group>";
		};
/* End PBXGroup section */

/* Begin PBXNativeTarget section */
		EBDF4EDE1EA7D80B0035D1EE /* Tip Calculator */ = {
			isa = PBXNativeTarget;
			buildConfigurationList = EBDF4EF11EA7D80B0035D1EE /* Build configuration list for PBXNativeTarget "Tip Calculator" */;
			buildPhases = (
				EBDF4EDB1EA7D80B0035D1EE /* Sources */,
				EBDF4EDC1EA7D80B0035D1EE /* Frameworks */,
				EBDF4EDD1EA7D80B0035D1EE /* Resources */,
			);
			buildRules = (
			);
			dependencies = (
			);
			name = "Tip Calculator";
			productName = "Tip Calculator";
			productReference = EBDF4EDF1EA7D80B0035D1EE /* Tip Calculator.app */;
			productType = "com.apple.product-type.application";
		};
/* End PBXNativeTarget section */

/* Begin PBXProject section */
		EBDF4ED71EA7D80B0035D1EE /* Project object */ = {
			isa = PBXProject;
			attributes = {
				LastSwiftUpdateCheck = 0820;
				LastUpgradeCheck = 0820;
				ORGANIZATIONNAME = "Dave Ciachin";
				TargetAttributes = {
					EBDF4EDE1EA7D80B0035D1EE = {
						CreatedOnToolsVersion = 8.2.1;
						DevelopmentTeam = ZM67UKV9FX;
						ProvisioningStyle = Automatic;
					};
				};
			};
			buildConfigurationList = EBDF4EDA1EA7D80B0035D1EE /* Build configuration list for PBXProject "Tip Calculator" */;
			compatibilityVersion = "Xcode 3.2";
			developmentRegion = English;
			hasScannedForEncodings = 0;
			knownRegions = (
				en,
				Base,
			);
			mainGroup = EBDF4ED61EA7D80B0035D1EE;
			productRefGroup = EBDF4EE01EA7D80B0035D1EE /* Products */;
			projectDirPath = "";
			projectRoot = "";
			targets = (
				EBDF4EDE1EA7D80B0035D1EE /* Tip Calculator */,
			);
		};
/* End PBXProject section */

/* Begin PBXResourcesBuildPhase section */
		EBDF4EDD1EA7D80B0035D1EE /* Resources */ = {
			isa = PBXResourcesBuildPhase;
			buildActionMask = 2147483647;
			files = (
				EBDF4EED1EA7D80B0035D1EE /* LaunchScreen.storyboard in Resources */,
				EBDF4EEA1EA7D80B0035D1EE /* Assets.xcassets in Resources */,
				EBDF4EE81EA7D80B0035D1EE /* Main.storyboard in Resources */,
			);
			runOnlyForDeploymentPostprocessing = 0;
		};
/* End PBXResourcesBuildPhase section */

/* Begin PBXSourcesBuildPhase section */
		EBDF4EDB1EA7D80B0035D1EE /* Sources */ = {
			isa = PBXSourcesBuildPhase;
			buildActionMask = 2147483647;
			files = (
				EBDF4EE51EA7D80B0035D1EE /* ViewController.swift in Sources */,
				EBDF4EE31EA7D80B0035D1EE /* AppDelegate.swift in Sources */,
			);
			runOnlyForDeploymentPostprocessing = 0;
		};
/* End PBXSourcesBuildPhase section */

/* Begin PBXVariantGroup section */
		EBDF4EE61EA7D80B0035D1EE /* Main.storyboard */ = {
			isa = PBXVariantGroup;
			children = (
				EBDF4EE71EA7D80B0035D1EE /* Base */,
			);
			name = Main.storyboard;
			sourceTree = "<group>";
		};
		EBDF4EEB1EA7D80B0035D1EE /* LaunchScreen.storyboard */ = {
			isa = PBXVariantGroup;
			children = (
				EBDF4EEC1EA7D80B0035D1EE /* Base */,
			);
			name = LaunchScreen.storyboard;
			sourceTree = "<group>";
		};
/* End PBXVariantGroup section */

/* Begin XCBuildConfiguration section */
		EBDF4EEF1EA7D80B0035D1EE /* Debug */ = {
			isa = XCBuildConfiguration;
			buildSettings = {
				ALWAYS_SEARCH_USER_PATHS = NO;
				CLANG_ANALYZER_NONNULL = YES;
				CLANG_CXX_LANGUAGE_STANDARD = "gnu++0x";
				CLANG_CXX_LIBRARY = "libc++";
				CLANG_ENABLE_MODULES = YES;
				CLANG_ENABLE_OBJC_ARC = YES;
				CLANG_WARN_BOOL_CONVERSION = YES;
				CLANG_WARN_CONSTANT_CONVERSION = YES;
				CLANG_WARN_DIRECT_OBJC_ISA_USAGE = YES_ERROR;
				CLANG_WARN_DOCUMENTATION_COMMENTS = YES;
				CLANG_WARN_EMPTY_BODY = YES;
				CLANG_WARN_ENUM_CONVERSION = YES;
				CLANG_WARN_INFINITE_RECURSION = YES;
				CLANG_WARN_INT_CONVERSION = YES;
				CLANG_WARN_OBJC_ROOT_CLASS = YES_ERROR;
				CLANG_WARN_SUSPICIOUS_MOVE = YES;
				CLANG_WARN_UNREACHABLE_CODE = YES;
				CLANG_WARN__DUPLICATE_METHOD_MATCH = YES;
				"CODE_SIGN_IDENTITY[sdk=iphoneos*]" = "iPhone Developer";
				COPY_PHASE_STRIP = NO;
				DEBUG_INFORMATION_FORMAT = dwarf;
				ENABLE_STRICT_OBJC_MSGSEND = YES;
				ENABLE_TESTABILITY = YES;
				GCC_C_LANGUAGE_STANDARD = gnu99;
				GCC_DYNAMIC_NO_PIC = NO;
				GCC_NO_COMMON_BLOCKS = YES;
				GCC_OPTIMIZATION_LEVEL = 0;
				GCC_PREPROCESSOR_DEFINITIONS = (
					"DEBUG=1",
					"$(inherited)",
				);
				GCC_WARN_64_TO_32_BIT_CONVERSION = YES;
				GCC_WARN_ABOUT_RETURN_TYPE = YES_ERROR;
				GCC_WARN_UNDECLARED_SELECTOR = YES;
				GCC_WARN_UNINITIALIZED_AUTOS = YES_AGGRESSIVE;
				GCC_WARN_UNUSED_FUNCTION = YES;
				GCC_WARN_UNUSED_VARIABLE = YES;
				IPHONEOS_DEPLOYMENT_TARGET = 10.2;
				MTL_ENABLE_DEBUG_INFO = YES;
				ONLY_ACTIVE_ARCH = YES;
				SDKROOT = iphoneos;
				SWIFT_ACTIVE_COMPILATION_CONDITIONS = DEBUG;
				SWIFT_OPTIMIZATION_LEVEL = "-Onone";
			};
			name = Debug;
		};
		EBDF4EF01EA7D80B0035D1EE /* Release */ = {
			isa = XCBuildConfiguration;
			buildSettings = {
				ALWAYS_SEARCH_USER_PATHS = NO;
				CLANG_ANALYZER_NONNULL = YES;
				CLANG_CXX_LANGUAGE_STANDARD = "gnu++0x";
				CLANG_CXX_LIBRARY = "libc++";
				CLANG_ENABLE_MODULES = YES;
				CLANG_ENABLE_OBJC_ARC = YES;
				CLANG_WARN_BOOL_CONVERSION = YES;
				CLANG_WARN_CONSTANT_CONVERSION = YES;
				CLANG_WARN_DIRECT_OBJC_ISA_USAGE = YES_ERROR;
				CLANG_WARN_DOCUMENTATION_COMMENTS = YES;
				CLANG_WARN_EMPTY_BODY = YES;
				CLANG_WARN_ENUM_CONVERSION = YES;
				CLANG_WARN_INFINITE_RECURSION = YES;
				CLANG_WARN_INT_CONVERSION = YES;
				CLANG_WARN_OBJC_ROOT_CLASS = YES_ERROR;
				CLANG_WARN_SUSPICIOUS_MOVE = YES;
				CLANG_WARN_UNREACHABLE_CODE = YES;
				CLANG_WARN__DUPLICATE_METHOD_MATCH = YES;
				"CODE_SIGN_IDENTITY[sdk=iphoneos*]" = "iPhone Developer";
				COPY_PHASE_STRIP = NO;
				DEBUG_INFORMATION_FORMAT = "dwarf-with-dsym";
				ENABLE_NS_ASSERTIONS = NO;
				ENABLE_STRICT_OBJC_MSGSEND = YES;
				GCC_C_LANGUAGE_STANDARD = gnu99;
				GCC_NO_COMMON_BLOCKS = YES;
				GCC_WARN_64_TO_32_BIT_CONVERSION = YES;
				GCC_WARN_ABOUT_RETURN_TYPE = YES_ERROR;
				GCC_WARN_UNDECLARED_SELECTOR = YES;
				GCC_WARN_UNINITIALIZED_AUTOS = YES_AGGRESSIVE;
				GCC_WARN_UNUSED_FUNCTION = YES;
				GCC_WARN_UNUSED_VARIABLE = YES;
				IPHONEOS_DEPLOYMENT_TARGET = 10.2;
				MTL_ENABLE_DEBUG_INFO = NO;
				SDKROOT = iphoneos;
				SWIFT_OPTIMIZATION_LEVEL = "-Owholemodule";
				VALIDATE_PRODUCT = YES;
			};
			name = Release;
		};
		EBDF4EF21EA7D80B0035D1EE /* Debug */ = {
			isa = XCBuildConfiguration;
			buildSettings = {
				ASSETCATALOG_COMPILER_APPICON_NAME = AppIcon;
				DEVELOPMENT_TEAM = ZM67UKV9FX;
				INFOPLIST_FILE = "Tip Calculator/Info.plist";
				LD_RUNPATH_SEARCH_PATHS = "$(inherited) @executable_path/Frameworks";
				PRODUCT_BUNDLE_IDENTIFIER = "cs.sunyulster.edu.Tip-Calculator";
				PRODUCT_NAME = "$(TARGET_NAME)";
				SWIFT_VERSION = 3.0;
			};
			name = Debug;
		};
		EBDF4EF31EA7D80B0035D1EE /* Release */ = {
			isa = XCBuildConfiguration;
			buildSettings = {
				ASSETCATALOG_COMPILER_APPICON_NAME = AppIcon;
				DEVELOPMENT_TEAM = ZM67UKV9FX;
				INFOPLIST_FILE = "Tip Calculator/Info.plist";
				LD_RUNPATH_SEARCH_PATHS = "$(inherited) @executable_path/Frameworks";
				PRODUCT_BUNDLE_IDENTIFIER = "cs.sunyulster.edu.Tip-Calculator";
				PRODUCT_NAME = "$(TARGET_NAME)";
				SWIFT_VERSION = 3.0;
			};
			name = Release;
		};
/* End XCBuildConfiguration section */

/* Begin XCConfigurationList section */
		EBDF4EDA1EA7D80B0035D1EE /* Build configuration list for PBXProject "Tip Calculator" */ = {
			isa = XCConfigurationList;
			buildConfigurations = (
				EBDF4EEF1EA7D80B0035D1EE /* Debug */,
				EBDF4EF01EA7D80B0035D1EE /* Release */,
			);
			defaultConfigurationIsVisible = 0;
			defaultConfigurationName = Release;
		};
		EBDF4EF11EA7D80B0035D1EE /* Build configuration list for PBXNativeTarget "Tip Calculator" */ = {
			isa = XCConfigurationList;
			buildConfigurations = (
				EBDF4EF21EA7D80B0035D1EE /* Debug */,
				EBDF4EF31EA7D80B0035D1EE /* Release */,
			);
			defaultConfigurationIsVisible = 0;
		};
/* End XCConfigurationList section */
	};
	rootObject = EBDF4ED71EA7D80B0035D1EE /* Project object */;
}
